{
  "name": "url-shortener",
  "version": "1.0.0",
  "lockfileVersion": 3,
  "requires": true,
  "packages": {
    "": {
      "name": "url-shortener",
      "version": "1.0.0",
      "license": "MIT",
      "dependencies": {
        "@cloudflare/kv-asset-handler": "^0.3.4",
        "itty-router": "^3.0.11",
        "nanoid": "^5.0.9"
      },
      "devDependencies": {
        "prettier": "^3.4.2"
      }
    },
    "node_modules/@cloudflare/kv-asset-handler": {
      "version": "0.3.4",
      "resolved": "https://registry.npmjs.org/@cloudflare/kv-asset-handler/-/kv-asset-handler-0.3.4.tgz",
      "integrity": "sha512-YLPHc8yASwjNkmcDMQMY35yiWjoKAKnhUbPRszBRS0YgH+IXtsMp61j+yTcnCE3oO2DgP0U3iejLC8FTtKDC8Q==",
      "license": "MIT OR Apache-2.0",
      "dependencies": {
        "mime": "^3.0.0"
      },
      "engines": {
        "node": ">=16.13"
      }
    },
    "node_modules/itty-router": {
      "version": "3.0.12",
      "resolved": "https://registry.npmjs.org/itty-router/-/itty-router-3.0.12.tgz",
      "integrity": "sha512-s98XTPhle6GGbaFf0kYrOD3Q8gyhnqvOqkwYijC3AmkceNKqWUp13YHg6dWmqmVv4pP7l7c94XI92I0EXVGO0w==",
      "license": "MIT"
    },
    "node_modules/mime": {
      "version": "3.0.0",
      "resolved": "https://registry.npmjs.org/mime/-/mime-3.0.0.tgz",
      "integrity": "sha512-jSCU7/VB1loIWBZe14aEYHU/+1UMEHoaO7qxCOVJOw9GgH72VAWppxNcjU+x9a2k3GSIBXNKxXQFqRvvZ7vr3A==",
      "license": "MIT",
      "bin": {
        "mime": "cli.js"
      },
      "engines": {
        "node": ">=10.0.0"
      }
    },
    "node_modules/nanoid": {
      "version": "5.0.9",
      "resolved": "https://registry.npmjs.org/nanoid/-/nanoid-5.0.9.tgz",
      "integrity": "sha512-Aooyr6MXU6HpvvWXKoVoXwKMs/KyVakWwg7xQfv5/S/RIgJMy0Ifa45H9qqYy7pTCszrHzP21Uk4PZq2HpEM8Q==",
      "funding": [
        {
          "type": "github",
          "url": "https://github.com/sponsors/ai"
        }
      ],
      "license": "MIT",
      "bin": {
        "nanoid": "bin/nanoid.js"
      },
      "engines": {
        "node": "^18 || >=20"
      }
    },
    "node_modules/prettier": {
      "version": "3.4.2",
      "resolved": "https://registry.npmjs.org/prettier/-/prettier-3.4.2.tgz",
      "integrity": "sha512-e9MewbtFo+Fevyuxn/4rrcDAaq0IYxPGLvObpQjiZBMAzB9IGmzlnG9RZy3FFas+eBMu2vA0CszMeduow5dIuQ==",
      "dev": true,
      "license": "MIT",
      "bin": {
        "prettier": "bin/prettier.cjs"
      },
      "engines": {
        "node": ">=14"
      },
      "funding": {
        "url": "https://github.com/prettier/prettier?sponsor=1"
      }
    }
  }
}
